
Microsoft Visual Studio Solution File, Format Version 12.00
# Visual Studio Version 16
VisualStudioVersion = 16.0.30330.147
MinimumVisualStudioVersion = 10.0.40219.1
Project("{FAE04EC0-301F-11D3-BF4B-00C04F79EFBC}") = "MigrateSerenityCore", "MigrateSerenityCore\MigrateSerenityCore.csproj", "{1ABF72D6-6FD0-401C-BC15-126C04326097}"
EndProject
Global
	GlobalSection(SolutionConfigurationPlatforms) = preSolution
		Debug|Any CPU = Debug|Any CPU
		Release|Any CPU = Release|Any CPU
	EndGlobalSection
	GlobalSection(ProjectConfigurationPlatforms) = postSolution
		{1ABF72D6-6FD0-401C-BC15-126C04326097}.Debug|Any CPU.ActiveCfg = Debug|Any CPU
		{1ABF72D6-6FD0-401C-BC15-126C04326097}.Debug|Any CPU.Build.0 = Debug|Any CPU
		{1ABF72D6-6FD0-401C-BC15-126C04326097}.Release|Any CPU.ActiveCfg = Release|Any CPU
		{1ABF72D6-6FD0-401C-BC15-126C04326097}.Release|Any CPU.Build.0 = Release|Any CPU
	EndGlobalSection
	GlobalSection(SolutionProperties) = preSolution
		HideSolutionNode = FALSE
	EndGlobalSection
	GlobalSection(ExtensibilityGlobals) = postSolution
		SolutionGuid = {2C6EBB18-A54E-4A1A-8A1E-7A36F3683AFE}
	EndGlobalSection
EndGlobal
